{
  "nodes": {
    "home-manager": {
      "inputs": {
        "nixpkgs": [
          "nixpkgs"
        ]
      },
      "locked": {
        "lastModified": 1747688870,
        "narHash": "sha256-ypL9WAZfmJr5V70jEVzqGjjQzF0uCkz+AFQF7n9NmNc=",
        "ref": "release-24.11",
        "rev": "d5f1f641b289553927b3801580598d200a501863",
        "shallow": true,
        "type": "git",
        "url": "https://github.com/nix-community/home-manager"
      },
      "original": {
        "ref": "release-24.11",
        "shallow": true,
        "type": "git",
        "url": "https://github.com/nix-community/home-manager"
      }
    },
    "nixpkgs": {
      "locked": {
        "lastModified": 1751274312,
        "narHash": "sha256-/bVBlRpECLVzjV19t5KMdMFWSwKLtb5RyXdjz3LJT+g=",
        "ref": "nixos-24.11",
        "rev": "50ab793786d9de88ee30ec4e4c24fb4236fc2674",
        "shallow": true,
        "type": "git",
        "url": "https://github.com/NixOS/nixpkgs"
      },
      "original": {
        "ref": "nixos-24.11",
        "shallow": true,
        "type": "git",
        "url": "https://github.com/NixOS/nixpkgs"
      }
    },
    "root": {
      "inputs": {
        "home-manager": "home-manager",
        "nixpkgs": "nixpkgs"
      }
    }
  },
  "root": "root",
  "version": 7
}
